
Microsoft Visual Studio Solution File, Format Version 12.00
# Visual Studio Version 17
VisualStudioVersion = 17.0.31903.59
MinimumVisualStudioVersion = 10.0.40219.1
Project("{FAE04EC0-301F-11D3-BF4B-00C04F79EFBC}") = "ASSISTENTE.Playground", "ASSISTENTE.Playground\ASSISTENTE.Playground.csproj", "{7B540017-EA25-46B6-A8DD-D0345B658371}"
EndProject
Project("{FAE04EC0-301F-11D3-BF4B-00C04F79EFBC}") = "ASSISTENTE.Module", "ASSISTENTE.Module\ASSISTENTE.Module.csproj", "{9D805153-5574-482F-874D-FBC20F20D818}"
EndProject
Project("{FAE04EC0-301F-11D3-BF4B-00C04F79EFBC}") = "ASSISTENTE.Persistence", "ASSISTENTE.Persistence\ASSISTENTE.Persistence.csproj", "{938FE15F-869E-4F71-B594-3EDA64C8FA74}"
EndProject
Project("{2150E333-8FDC-42A3-9474-1A3956D46DE8}") = "Infrastructure", "Infrastructure", "{2B12AFDA-6C6C-4A60-BBEE-EA9FDA0BD664}"
EndProject
Project("{FAE04EC0-301F-11D3-BF4B-00C04F79EFBC}") = "ASSISTENTE.Domain", "ASSISTENTE.Domain\ASSISTENTE.Domain.csproj", "{775A3E00-7FD5-414D-B0F1-BEA6801C6836}"
EndProject
Project("{FAE04EC0-301F-11D3-BF4B-00C04F79EFBC}") = "ASSISTENTE.Application", "ASSISTENTE.Application\ASSISTENTE.Application.csproj", "{8BB0471F-A18C-4AA4-8A96-FBD3919C810D}"
EndProject
Project("{2150E333-8FDC-42A3-9474-1A3956D46DE8}") = "Parsers", "Parsers", "{FE690E15-0DBE-41F9-A1BA-606B7A57DCEA}"
EndProject
Project("{FAE04EC0-301F-11D3-BF4B-00C04F79EFBC}") = "ASSISTENTE.Infrastructure.MarkDownParser", "ASSISTENTE.Infrastructure.MarkDownParser\ASSISTENTE.Infrastructure.MarkDownParser.csproj", "{2E4B5D96-671E-47AC-AC6C-7CE75DD974A3}"
EndProject
Project("{FAE04EC0-301F-11D3-BF4B-00C04F79EFBC}") = "ASSISTENTE.Infrastructure", "ASSISTENTE.Infrastructure\ASSISTENTE.Infrastructure.csproj", "{9CDA50AF-757D-4F85-9ADD-3640509EB976}"
EndProject
Project("{FAE04EC0-301F-11D3-BF4B-00C04F79EFBC}") = "ASSISTENTE.Infrastructure.CodeParser", "ASSISTENTE.Infrastructure.CodeParser\ASSISTENTE.Infrastructure.CodeParser.csproj", "{1EC3F3B7-AAB4-4E81-AB28-8926B74EFBFB}"
EndProject
Project("{2150E333-8FDC-42A3-9474-1A3956D46DE8}") = "AI", "AI", "{450106FD-82CE-441D-93AD-10B7F1641A1A}"
EndProject
Project("{FAE04EC0-301F-11D3-BF4B-00C04F79EFBC}") = "ASSISTENTE.Infrastructure.Embeddings", "ASSISTENTE.Infrastructure.Embeddings\ASSISTENTE.Infrastructure.Embeddings.csproj", "{56B52A7F-2834-4F11-892A-D9BE386C0833}"
EndProject
Project("{FAE04EC0-301F-11D3-BF4B-00C04F79EFBC}") = "ASSISTENTE.Infrastructure.Qdrant", "ASSISTENTE.Infrastructure.Qdrant\ASSISTENTE.Infrastructure.Qdrant.csproj", "{528D414B-68A8-437D-BE2E-C1CB9CC22E4F}"
EndProject
Project("{2150E333-8FDC-42A3-9474-1A3956D46DE8}") = "Databases", "Databases", "{D501A620-C909-4367-9656-00D212EC1018}"
EndProject
Project("{FAE04EC0-301F-11D3-BF4B-00C04F79EFBC}") = "ASSISTENTE.DB.Upgrade", "ASSISTENTE.DB.Upgrade\ASSISTENTE.DB.Upgrade.csproj", "{91E78F5A-C226-4982-A178-6816956D8D54}"
EndProject
Project("{FAE04EC0-301F-11D3-BF4B-00C04F79EFBC}") = "ASSISTENTE.Infrastructure.PromptGenerator", "ASSISTENTE.Infrastructure.PromptGenerator\ASSISTENTE.Infrastructure.PromptGenerator.csproj", "{EAA9983F-DCC1-4DC5-9ACE-9C661B99C561}"
EndProject
Project("{FAE04EC0-301F-11D3-BF4B-00C04F79EFBC}") = "ASSISTENTE.Infrastructure.LLM", "ASSISTENTE.Infrastructure.LLM\ASSISTENTE.Infrastructure.LLM.csproj", "{EB499850-7AF5-462D-B2A4-6F53911968BB}"
EndProject
Project("{2150E333-8FDC-42A3-9474-1A3956D46DE8}") = "Core", "Core", "{7E06C814-09F4-4431-AF9D-78F2E12FF0AC}"
EndProject
Project("{FAE04EC0-301F-11D3-BF4B-00C04F79EFBC}") = "ASSISTENTE.Contract.Requests.Internal", "ASSISTENTE.Contract.Requests.Internal\ASSISTENTE.Contract.Requests.Internal.csproj", "{F3391141-A63C-412A-B77F-0B7E672E8FBE}"
EndProject
Project("{2150E333-8FDC-42A3-9474-1A3956D46DE8}") = "Contracts", "Contracts", "{B10BC302-9002-42FF-9612-A770D6E10B76}"
EndProject
Project("{2150E333-8FDC-42A3-9474-1A3956D46DE8}") = "Presentation", "Presentation", "{896896AD-0860-42EA-AC98-A4F5FAB926A4}"
EndProject
Project("{FAE04EC0-301F-11D3-BF4B-00C04F79EFBC}") = "ASSISTENTE.UI", "ASSISTENTE.UI\ASSISTENTE.UI.csproj", "{1EB77B10-39D1-4D60-A339-B1116DCF3824}"
EndProject
Project("{FAE04EC0-301F-11D3-BF4B-00C04F79EFBC}") = "ASSISTENTE.API", "ASSISTENTE.API\ASSISTENTE.API.csproj", "{339759CE-CF68-4B3C-A53D-D65CB0399CDF}"
EndProject
Project("{FAE04EC0-301F-11D3-BF4B-00C04F79EFBC}") = "ASSISTENTE.Application.Abstractions", "ASSISTENTE.Application.Abstractions\ASSISTENTE.Application.Abstractions.csproj", "{07825A8A-55F3-42CF-8830-B0644E1E1E74}"
EndProject
Project("{2150E333-8FDC-42A3-9474-1A3956D46DE8}") = "Workers", "Workers", "{13527A0B-10E6-4E65-B27A-4EB546AC4028}"
EndProject
Project("{FAE04EC0-301F-11D3-BF4B-00C04F79EFBC}") = "ASSISTENTE.Worker.Sync", "ASSISTENTE.Worker.Sync\ASSISTENTE.Worker.Sync.csproj", "{265F95D9-AAD8-4628-B9C1-D272CC1F0AD8}"
EndProject
Project("{FAE04EC0-301F-11D3-BF4B-00C04F79EFBC}") = "ASSISTENTE.Contract.Messages.Internal", "ASSISTENTE.Contract.Messages.Internal\ASSISTENTE.Contract.Messages.Internal.csproj", "{D7B2D239-77F1-42DA-99BD-3D258F312F7E}"
EndProject
Project("{FAE04EC0-301F-11D3-BF4B-00C04F79EFBC}") = "ASSISTENTE.EventHandlers", "ASSISTENTE.EventHandlers\ASSISTENTE.EventHandlers.csproj", "{816F1FA6-55F2-4033-9006-D36E37CDC554}"
EndProject
Project("{2150E333-8FDC-42A3-9474-1A3956D46DE8}") = "Abstractions", "Abstractions", "{77EBEC30-3B48-4145-8529-C324DF326D4A}"
EndProject
Project("{FAE04EC0-301F-11D3-BF4B-00C04F79EFBC}") = "ASSISTENTE.Language", "ASSISTENTE.Language\ASSISTENTE.Language.csproj", "{8E48189E-CF6F-4BBC-B1DD-7E82BBA732C6}"
EndProject
Project("{FAE04EC0-301F-11D3-BF4B-00C04F79EFBC}") = "ASSISTENTE.Client.Internal", "ASSISTENTE.Client.Internal\ASSISTENTE.Client.Internal.csproj", "{0E7ED6C3-58DD-4E27-8237-0ABD91C45828}"
EndProject
Project("{2150E333-8FDC-42A3-9474-1A3956D46DE8}") = "Clients", "Clients", "{DC9028E5-75D2-445D-8D39-75011BFC4E10}"
EndProject
Project("{FAE04EC0-301F-11D3-BF4B-00C04F79EFBC}") = "ASSISTENTE.Application.Middlewares", "ASSISTENTE.Application.Middlewares\ASSISTENTE.Application.Middlewares.csproj", "{28369BDF-507A-4997-B902-11300036044E}"
EndProject
Project("{FAE04EC0-301F-11D3-BF4B-00C04F79EFBC}") = "ASSISTENTE.Persistence.Configuration", "ASSISTENTE.Persistence.Configuration\ASSISTENTE.Persistence.Configuration.csproj", "{0C920E22-63AC-4D7F-AC34-FBC461CF729C}"
EndProject
Project("{2150E333-8FDC-42A3-9474-1A3956D46DE8}") = "Tests", "Tests", "{9B4F8CB3-29F8-40AC-AA0A-DD4B273EFF6C}"
EndProject
Project("{2150E333-8FDC-42A3-9474-1A3956D46DE8}") = "Unit", "Unit", "{C38CC763-14E8-43EA-8D06-D7F9A2DE9FBD}"
EndProject
Project("{FAE04EC0-301F-11D3-BF4B-00C04F79EFBC}") = "ASSISTENTE.Unit.Architecture", "ASSISTENTE.Unit.Architecture\ASSISTENTE.Unit.Architecture.csproj", "{E079A371-2133-4F57-9CA1-9AB02CD3590F}"
EndProject
Project("{2150E333-8FDC-42A3-9474-1A3956D46DE8}") = "UI", "UI", "{681CA443-1B91-4EA9-8A97-F21D0B5DD2CD}"
EndProject
Project("{FAE04EC0-301F-11D3-BF4B-00C04F79EFBC}") = "ASSISTENTE.UI.Auth", "ASSISTENTE.UI.Auth\ASSISTENTE.UI.Auth.csproj", "{D8A05500-9F16-4540-B0EE-13ECB3C0DD3A}"
EndProject
Project("{FAE04EC0-301F-11D3-BF4B-00C04F79EFBC}") = "ASSISTENTE.UI.Common", "ASSISTENTE.UI.Common\ASSISTENTE.UI.Common.csproj", "{44930AA4-4EFD-41F5-9E88-A543E67DE893}"
EndProject
Project("{FAE04EC0-301F-11D3-BF4B-00C04F79EFBC}") = "ASSISTENTE.UI.Brokers", "ASSISTENTE.UI.Brokers\ASSISTENTE.UI.Brokers.csproj", "{22E44FD4-7447-4723-9CA1-0CE64DC64D33}"
EndProject
Project("{FAE04EC0-301F-11D3-BF4B-00C04F79EFBC}") = "ASSISTENTE.UI.Http", "ASSISTENTE.UI.Http\ASSISTENTE.UI.Http.csproj", "{75F8E701-CEB2-42E0-9C3A-8CB371D2AD81}"
EndProject
Project("{FAE04EC0-301F-11D3-BF4B-00C04F79EFBC}") = "ASSISTENTE.Infrastructure.Firecrawl", "ASSISTENTE.Infrastructure.Firecrawl\ASSISTENTE.Infrastructure.Firecrawl.csproj", "{EDCF6634-CC94-4986-8824-1DE83E02E217}"
EndProject
Project("{FAE04EC0-301F-11D3-BF4B-00C04F79EFBC}") = "ASSISTENTE.Infrastructure.Langfuse", "ASSISTENTE.Infrastructure.Langfuse\ASSISTENTE.Infrastructure.Langfuse.csproj", "{E30295A8-FD99-42A7-B7EC-21FE75F5477C}"
EndProject
Project("{2150E333-8FDC-42A3-9474-1A3956D46DE8}") = "Tools", "Tools", "{15A43B29-C880-475F-B53E-FD4331A292AA}"
EndProject
Project("{FAE04EC0-301F-11D3-BF4B-00C04F79EFBC}") = "ASSISTENTE.Infrastructure.LLM.OpenAi", "ASSISTENTE.Infrastructure.LLM.OpenAi\ASSISTENTE.Infrastructure.LLM.OpenAi.csproj", "{E2668547-B17F-4182-AF4F-60AF5135163D}"
EndProject
Project("{2150E333-8FDC-42A3-9474-1A3956D46DE8}") = "LLM", "LLM", "{B478E50D-8357-4B63-9367-B940E47EC993}"
EndProject
Project("{FAE04EC0-301F-11D3-BF4B-00C04F79EFBC}") = "ASSISTENTE.Infrastructure.LLM.Ollama", "ASSISTENTE.Infrastructure.LLM.Ollama\ASSISTENTE.Infrastructure.LLM.Ollama.csproj", "{1E060361-C372-4687-A5DE-586B9CF0603B}"
EndProject
Project("{FAE04EC0-301F-11D3-BF4B-00C04F79EFBC}") = "ASSISTENTE.Infrastructure.Audio", "ASSISTENTE.Infrastructure.Audio\ASSISTENTE.Infrastructure.Audio.csproj", "{5C2F9A52-1D52-43AD-837F-F513A2A8CD56}"
EndProject
Project("{FAE04EC0-301F-11D3-BF4B-00C04F79EFBC}") = "ASSISTENTE.Infrastructure.Vision", "ASSISTENTE.Infrastructure.Vision\ASSISTENTE.Infrastructure.Vision.csproj", "{A429A347-369D-4AC4-8E3D-8A30791779CB}"
EndProject
Project("{FAE04EC0-301F-11D3-BF4B-00C04F79EFBC}") = "ASSISTENTE.Infrastructure.Image", "ASSISTENTE.Infrastructure.Image\ASSISTENTE.Infrastructure.Image.csproj", "{AB592D93-1EBC-4462-A2EF-58ECACAE632D}"
EndProject
Project("{FAE04EC0-301F-11D3-BF4B-00C04F79EFBC}") = "ASSISTENTE.Infrastructure.Neo4J", "ASSISTENTE.Infrastructure.Neo4J\ASSISTENTE.Infrastructure.Neo4J.csproj", "{29FDC14B-D5FC-474E-8F4A-15F1FAC98EFE}"
EndProject
Project("{FAE04EC0-301F-11D3-BF4B-00C04F79EFBC}") = "ASSISTENTE.API.Agent", "ASSISTENTE.API.Agent\ASSISTENTE.API.Agent.csproj", "{700BDC1C-7F7E-49B4-8BA0-C353F80F2BFD}"
EndProject
Global
	GlobalSection(SolutionConfigurationPlatforms) = preSolution
		Debug|Any CPU = Debug|Any CPU
		Release|Any CPU = Release|Any CPU
	EndGlobalSection
	GlobalSection(SolutionProperties) = preSolution
		HideSolutionNode = FALSE
	EndGlobalSection
	GlobalSection(ProjectConfigurationPlatforms) = postSolution
		{7B540017-EA25-46B6-A8DD-D0345B658371}.Debug|Any CPU.ActiveCfg = Debug|Any CPU
		{7B540017-EA25-46B6-A8DD-D0345B658371}.Debug|Any CPU.Build.0 = Debug|Any CPU
		{7B540017-EA25-46B6-A8DD-D0345B658371}.Release|Any CPU.ActiveCfg = Release|Any CPU
		{7B540017-EA25-46B6-A8DD-D0345B658371}.Release|Any CPU.Build.0 = Release|Any CPU
		{9D805153-5574-482F-874D-FBC20F20D818}.Debug|Any CPU.ActiveCfg = Debug|Any CPU
		{9D805153-5574-482F-874D-FBC20F20D818}.Debug|Any CPU.Build.0 = Debug|Any CPU
		{9D805153-5574-482F-874D-FBC20F20D818}.Release|Any CPU.ActiveCfg = Release|Any CPU
		{9D805153-5574-482F-874D-FBC20F20D818}.Release|Any CPU.Build.0 = Release|Any CPU
		{938FE15F-869E-4F71-B594-3EDA64C8FA74}.Debug|Any CPU.ActiveCfg = Debug|Any CPU
		{938FE15F-869E-4F71-B594-3EDA64C8FA74}.Debug|Any CPU.Build.0 = Debug|Any CPU
		{938FE15F-869E-4F71-B594-3EDA64C8FA74}.Release|Any CPU.ActiveCfg = Release|Any CPU
		{938FE15F-869E-4F71-B594-3EDA64C8FA74}.Release|Any CPU.Build.0 = Release|Any CPU
		{775A3E00-7FD5-414D-B0F1-BEA6801C6836}.Debug|Any CPU.ActiveCfg = Debug|Any CPU
		{775A3E00-7FD5-414D-B0F1-BEA6801C6836}.Debug|Any CPU.Build.0 = Debug|Any CPU
		{775A3E00-7FD5-414D-B0F1-BEA6801C6836}.Release|Any CPU.ActiveCfg = Release|Any CPU
		{775A3E00-7FD5-414D-B0F1-BEA6801C6836}.Release|Any CPU.Build.0 = Release|Any CPU
		{8BB0471F-A18C-4AA4-8A96-FBD3919C810D}.Debug|Any CPU.ActiveCfg = Debug|Any CPU
		{8BB0471F-A18C-4AA4-8A96-FBD3919C810D}.Debug|Any CPU.Build.0 = Debug|Any CPU
		{8BB0471F-A18C-4AA4-8A96-FBD3919C810D}.Release|Any CPU.ActiveCfg = Release|Any CPU
		{8BB0471F-A18C-4AA4-8A96-FBD3919C810D}.Release|Any CPU.Build.0 = Release|Any CPU
		{2E4B5D96-671E-47AC-AC6C-7CE75DD974A3}.Debug|Any CPU.ActiveCfg = Debug|Any CPU
		{2E4B5D96-671E-47AC-AC6C-7CE75DD974A3}.Debug|Any CPU.Build.0 = Debug|Any CPU
		{2E4B5D96-671E-47AC-AC6C-7CE75DD974A3}.Release|Any CPU.ActiveCfg = Release|Any CPU
		{2E4B5D96-671E-47AC-AC6C-7CE75DD974A3}.Release|Any CPU.Build.0 = Release|Any CPU
		{9CDA50AF-757D-4F85-9ADD-3640509EB976}.Debug|Any CPU.ActiveCfg = Debug|Any CPU
		{9CDA50AF-757D-4F85-9ADD-3640509EB976}.Debug|Any CPU.Build.0 = Debug|Any CPU
		{9CDA50AF-757D-4F85-9ADD-3640509EB976}.Release|Any CPU.ActiveCfg = Release|Any CPU
		{9CDA50AF-757D-4F85-9ADD-3640509EB976}.Release|Any CPU.Build.0 = Release|Any CPU
		{1EC3F3B7-AAB4-4E81-AB28-8926B74EFBFB}.Debug|Any CPU.ActiveCfg = Debug|Any CPU
		{1EC3F3B7-AAB4-4E81-AB28-8926B74EFBFB}.Debug|Any CPU.Build.0 = Debug|Any CPU
		{1EC3F3B7-AAB4-4E81-AB28-8926B74EFBFB}.Release|Any CPU.ActiveCfg = Release|Any CPU
		{1EC3F3B7-AAB4-4E81-AB28-8926B74EFBFB}.Release|Any CPU.Build.0 = Release|Any CPU
		{56B52A7F-2834-4F11-892A-D9BE386C0833}.Debug|Any CPU.ActiveCfg = Debug|Any CPU
		{56B52A7F-2834-4F11-892A-D9BE386C0833}.Debug|Any CPU.Build.0 = Debug|Any CPU
		{56B52A7F-2834-4F11-892A-D9BE386C0833}.Release|Any CPU.ActiveCfg = Release|Any CPU
		{56B52A7F-2834-4F11-892A-D9BE386C0833}.Release|Any CPU.Build.0 = Release|Any CPU
		{528D414B-68A8-437D-BE2E-C1CB9CC22E4F}.Debug|Any CPU.ActiveCfg = Debug|Any CPU
		{528D414B-68A8-437D-BE2E-C1CB9CC22E4F}.Debug|Any CPU.Build.0 = Debug|Any CPU
		{528D414B-68A8-437D-BE2E-C1CB9CC22E4F}.Release|Any CPU.ActiveCfg = Release|Any CPU
		{528D414B-68A8-437D-BE2E-C1CB9CC22E4F}.Release|Any CPU.Build.0 = Release|Any CPU
		{91E78F5A-C226-4982-A178-6816956D8D54}.Debug|Any CPU.ActiveCfg = Debug|Any CPU
		{91E78F5A-C226-4982-A178-6816956D8D54}.Debug|Any CPU.Build.0 = Debug|Any CPU
		{91E78F5A-C226-4982-A178-6816956D8D54}.Release|Any CPU.ActiveCfg = Release|Any CPU
		{91E78F5A-C226-4982-A178-6816956D8D54}.Release|Any CPU.Build.0 = Release|Any CPU
		{EAA9983F-DCC1-4DC5-9ACE-9C661B99C561}.Debug|Any CPU.ActiveCfg = Debug|Any CPU
		{EAA9983F-DCC1-4DC5-9ACE-9C661B99C561}.Debug|Any CPU.Build.0 = Debug|Any CPU
		{EAA9983F-DCC1-4DC5-9ACE-9C661B99C561}.Release|Any CPU.ActiveCfg = Release|Any CPU
		{EAA9983F-DCC1-4DC5-9ACE-9C661B99C561}.Release|Any CPU.Build.0 = Release|Any CPU
		{EB499850-7AF5-462D-B2A4-6F53911968BB}.Debug|Any CPU.ActiveCfg = Debug|Any CPU
		{EB499850-7AF5-462D-B2A4-6F53911968BB}.Debug|Any CPU.Build.0 = Debug|Any CPU
		{EB499850-7AF5-462D-B2A4-6F53911968BB}.Release|Any CPU.ActiveCfg = Release|Any CPU
		{EB499850-7AF5-462D-B2A4-6F53911968BB}.Release|Any CPU.Build.0 = Release|Any CPU
		{F3391141-A63C-412A-B77F-0B7E672E8FBE}.Debug|Any CPU.ActiveCfg = Debug|Any CPU
		{F3391141-A63C-412A-B77F-0B7E672E8FBE}.Debug|Any CPU.Build.0 = Debug|Any CPU
		{F3391141-A63C-412A-B77F-0B7E672E8FBE}.Release|Any CPU.ActiveCfg = Release|Any CPU
		{F3391141-A63C-412A-B77F-0B7E672E8FBE}.Release|Any CPU.Build.0 = Release|Any CPU
		{1EB77B10-39D1-4D60-A339-B1116DCF3824}.Debug|Any CPU.ActiveCfg = Debug|Any CPU
		{1EB77B10-39D1-4D60-A339-B1116DCF3824}.Debug|Any CPU.Build.0 = Debug|Any CPU
		{1EB77B10-39D1-4D60-A339-B1116DCF3824}.Release|Any CPU.ActiveCfg = Release|Any CPU
		{1EB77B10-39D1-4D60-A339-B1116DCF3824}.Release|Any CPU.Build.0 = Release|Any CPU
		{339759CE-CF68-4B3C-A53D-D65CB0399CDF}.Debug|Any CPU.ActiveCfg = Debug|Any CPU
		{339759CE-CF68-4B3C-A53D-D65CB0399CDF}.Debug|Any CPU.Build.0 = Debug|Any CPU
		{339759CE-CF68-4B3C-A53D-D65CB0399CDF}.Release|Any CPU.ActiveCfg = Release|Any CPU
		{339759CE-CF68-4B3C-A53D-D65CB0399CDF}.Release|Any CPU.Build.0 = Release|Any CPU
		{07825A8A-55F3-42CF-8830-B0644E1E1E74}.Debug|Any CPU.ActiveCfg = Debug|Any CPU
		{07825A8A-55F3-42CF-8830-B0644E1E1E74}.Debug|Any CPU.Build.0 = Debug|Any CPU
		{07825A8A-55F3-42CF-8830-B0644E1E1E74}.Release|Any CPU.ActiveCfg = Release|Any CPU
		{07825A8A-55F3-42CF-8830-B0644E1E1E74}.Release|Any CPU.Build.0 = Release|Any CPU
		{265F95D9-AAD8-4628-B9C1-D272CC1F0AD8}.Debug|Any CPU.ActiveCfg = Debug|Any CPU
		{265F95D9-AAD8-4628-B9C1-D272CC1F0AD8}.Debug|Any CPU.Build.0 = Debug|Any CPU
		{265F95D9-AAD8-4628-B9C1-D272CC1F0AD8}.Release|Any CPU.ActiveCfg = Release|Any CPU
		{265F95D9-AAD8-4628-B9C1-D272CC1F0AD8}.Release|Any CPU.Build.0 = Release|Any CPU
		{D7B2D239-77F1-42DA-99BD-3D258F312F7E}.Debug|Any CPU.ActiveCfg = Debug|Any CPU
		{D7B2D239-77F1-42DA-99BD-3D258F312F7E}.Debug|Any CPU.Build.0 = Debug|Any CPU
		{D7B2D239-77F1-42DA-99BD-3D258F312F7E}.Release|Any CPU.ActiveCfg = Release|Any CPU
		{D7B2D239-77F1-42DA-99BD-3D258F312F7E}.Release|Any CPU.Build.0 = Release|Any CPU
		{816F1FA6-55F2-4033-9006-D36E37CDC554}.Debug|Any CPU.ActiveCfg = Debug|Any CPU
		{816F1FA6-55F2-4033-9006-D36E37CDC554}.Debug|Any CPU.Build.0 = Debug|Any CPU
		{816F1FA6-55F2-4033-9006-D36E37CDC554}.Release|Any CPU.ActiveCfg = Release|Any CPU
		{816F1FA6-55F2-4033-9006-D36E37CDC554}.Release|Any CPU.Build.0 = Release|Any CPU
		{8E48189E-CF6F-4BBC-B1DD-7E82BBA732C6}.Debug|Any CPU.ActiveCfg = Debug|Any CPU
		{8E48189E-CF6F-4BBC-B1DD-7E82BBA732C6}.Debug|Any CPU.Build.0 = Debug|Any CPU
		{8E48189E-CF6F-4BBC-B1DD-7E82BBA732C6}.Release|Any CPU.ActiveCfg = Release|Any CPU
		{8E48189E-CF6F-4BBC-B1DD-7E82BBA732C6}.Release|Any CPU.Build.0 = Release|Any CPU
		{0E7ED6C3-58DD-4E27-8237-0ABD91C45828}.Debug|Any CPU.ActiveCfg = Debug|Any CPU
		{0E7ED6C3-58DD-4E27-8237-0ABD91C45828}.Debug|Any CPU.Build.0 = Debug|Any CPU
		{0E7ED6C3-58DD-4E27-8237-0ABD91C45828}.Release|Any CPU.ActiveCfg = Release|Any CPU
		{0E7ED6C3-58DD-4E27-8237-0ABD91C45828}.Release|Any CPU.Build.0 = Release|Any CPU
		{28369BDF-507A-4997-B902-11300036044E}.Debug|Any CPU.ActiveCfg = Debug|Any CPU
		{28369BDF-507A-4997-B902-11300036044E}.Debug|Any CPU.Build.0 = Debug|Any CPU
		{28369BDF-507A-4997-B902-11300036044E}.Release|Any CPU.ActiveCfg = Release|Any CPU
		{28369BDF-507A-4997-B902-11300036044E}.Release|Any CPU.Build.0 = Release|Any CPU
		{0C920E22-63AC-4D7F-AC34-FBC461CF729C}.Debug|Any CPU.ActiveCfg = Debug|Any CPU
		{0C920E22-63AC-4D7F-AC34-FBC461CF729C}.Debug|Any CPU.Build.0 = Debug|Any CPU
		{0C920E22-63AC-4D7F-AC34-FBC461CF729C}.Release|Any CPU.ActiveCfg = Release|Any CPU
		{0C920E22-63AC-4D7F-AC34-FBC461CF729C}.Release|Any CPU.Build.0 = Release|Any CPU
		{E079A371-2133-4F57-9CA1-9AB02CD3590F}.Debug|Any CPU.ActiveCfg = Debug|Any CPU
		{E079A371-2133-4F57-9CA1-9AB02CD3590F}.Debug|Any CPU.Build.0 = Debug|Any CPU
		{E079A371-2133-4F57-9CA1-9AB02CD3590F}.Release|Any CPU.ActiveCfg = Release|Any CPU
		{E079A371-2133-4F57-9CA1-9AB02CD3590F}.Release|Any CPU.Build.0 = Release|Any CPU
		{D8A05500-9F16-4540-B0EE-13ECB3C0DD3A}.Debug|Any CPU.ActiveCfg = Debug|Any CPU
		{D8A05500-9F16-4540-B0EE-13ECB3C0DD3A}.Debug|Any CPU.Build.0 = Debug|Any CPU
		{D8A05500-9F16-4540-B0EE-13ECB3C0DD3A}.Release|Any CPU.ActiveCfg = Release|Any CPU
		{D8A05500-9F16-4540-B0EE-13ECB3C0DD3A}.Release|Any CPU.Build.0 = Release|Any CPU
		{44930AA4-4EFD-41F5-9E88-A543E67DE893}.Debug|Any CPU.ActiveCfg = Debug|Any CPU
		{44930AA4-4EFD-41F5-9E88-A543E67DE893}.Debug|Any CPU.Build.0 = Debug|Any CPU
		{44930AA4-4EFD-41F5-9E88-A543E67DE893}.Release|Any CPU.ActiveCfg = Release|Any CPU
		{44930AA4-4EFD-41F5-9E88-A543E67DE893}.Release|Any CPU.Build.0 = Release|Any CPU
		{22E44FD4-7447-4723-9CA1-0CE64DC64D33}.Debug|Any CPU.ActiveCfg = Debug|Any CPU
		{22E44FD4-7447-4723-9CA1-0CE64DC64D33}.Debug|Any CPU.Build.0 = Debug|Any CPU
		{22E44FD4-7447-4723-9CA1-0CE64DC64D33}.Release|Any CPU.ActiveCfg = Release|Any CPU
		{22E44FD4-7447-4723-9CA1-0CE64DC64D33}.Release|Any CPU.Build.0 = Release|Any CPU
		{75F8E701-CEB2-42E0-9C3A-8CB371D2AD81}.Debug|Any CPU.ActiveCfg = Debug|Any CPU
		{75F8E701-CEB2-42E0-9C3A-8CB371D2AD81}.Debug|Any CPU.Build.0 = Debug|Any CPU
		{75F8E701-CEB2-42E0-9C3A-8CB371D2AD81}.Release|Any CPU.ActiveCfg = Release|Any CPU
		{75F8E701-CEB2-42E0-9C3A-8CB371D2AD81}.Release|Any CPU.Build.0 = Release|Any CPU
		{EDCF6634-CC94-4986-8824-1DE83E02E217}.Debug|Any CPU.ActiveCfg = Debug|Any CPU
		{EDCF6634-CC94-4986-8824-1DE83E02E217}.Debug|Any CPU.Build.0 = Debug|Any CPU
		{EDCF6634-CC94-4986-8824-1DE83E02E217}.Release|Any CPU.ActiveCfg = Release|Any CPU
		{EDCF6634-CC94-4986-8824-1DE83E02E217}.Release|Any CPU.Build.0 = Release|Any CPU
		{E30295A8-FD99-42A7-B7EC-21FE75F5477C}.Debug|Any CPU.ActiveCfg = Debug|Any CPU
		{E30295A8-FD99-42A7-B7EC-21FE75F5477C}.Debug|Any CPU.Build.0 = Debug|Any CPU
		{E30295A8-FD99-42A7-B7EC-21FE75F5477C}.Release|Any CPU.ActiveCfg = Release|Any CPU
		{E30295A8-FD99-42A7-B7EC-21FE75F5477C}.Release|Any CPU.Build.0 = Release|Any CPU
		{E2668547-B17F-4182-AF4F-60AF5135163D}.Debug|Any CPU.ActiveCfg = Debug|Any CPU
		{E2668547-B17F-4182-AF4F-60AF5135163D}.Debug|Any CPU.Build.0 = Debug|Any CPU
		{E2668547-B17F-4182-AF4F-60AF5135163D}.Release|Any CPU.ActiveCfg = Release|Any CPU
		{E2668547-B17F-4182-AF4F-60AF5135163D}.Release|Any CPU.Build.0 = Release|Any CPU
		{1E060361-C372-4687-A5DE-586B9CF0603B}.Debug|Any CPU.ActiveCfg = Debug|Any CPU
		{1E060361-C372-4687-A5DE-586B9CF0603B}.Debug|Any CPU.Build.0 = Debug|Any CPU
		{1E060361-C372-4687-A5DE-586B9CF0603B}.Release|Any CPU.ActiveCfg = Release|Any CPU
		{1E060361-C372-4687-A5DE-586B9CF0603B}.Release|Any CPU.Build.0 = Release|Any CPU
		{5C2F9A52-1D52-43AD-837F-F513A2A8CD56}.Debug|Any CPU.ActiveCfg = Debug|Any CPU
		{5C2F9A52-1D52-43AD-837F-F513A2A8CD56}.Debug|Any CPU.Build.0 = Debug|Any CPU
		{5C2F9A52-1D52-43AD-837F-F513A2A8CD56}.Release|Any CPU.ActiveCfg = Release|Any CPU
		{5C2F9A52-1D52-43AD-837F-F513A2A8CD56}.Release|Any CPU.Build.0 = Release|Any CPU
		{A429A347-369D-4AC4-8E3D-8A30791779CB}.Debug|Any CPU.ActiveCfg = Debug|Any CPU
		{A429A347-369D-4AC4-8E3D-8A30791779CB}.Debug|Any CPU.Build.0 = Debug|Any CPU
		{A429A347-369D-4AC4-8E3D-8A30791779CB}.Release|Any CPU.ActiveCfg = Release|Any CPU
		{A429A347-369D-4AC4-8E3D-8A30791779CB}.Release|Any CPU.Build.0 = Release|Any CPU
		{AB592D93-1EBC-4462-A2EF-58ECACAE632D}.Debug|Any CPU.ActiveCfg = Debug|Any CPU
		{AB592D93-1EBC-4462-A2EF-58ECACAE632D}.Debug|Any CPU.Build.0 = Debug|Any CPU
		{AB592D93-1EBC-4462-A2EF-58ECACAE632D}.Release|Any CPU.ActiveCfg = Release|Any CPU
		{AB592D93-1EBC-4462-A2EF-58ECACAE632D}.Release|Any CPU.Build.0 = Release|Any CPU
		{29FDC14B-D5FC-474E-8F4A-15F1FAC98EFE}.Debug|Any CPU.ActiveCfg = Debug|Any CPU
		{29FDC14B-D5FC-474E-8F4A-15F1FAC98EFE}.Debug|Any CPU.Build.0 = Debug|Any CPU
		{29FDC14B-D5FC-474E-8F4A-15F1FAC98EFE}.Release|Any CPU.ActiveCfg = Release|Any CPU
		{29FDC14B-D5FC-474E-8F4A-15F1FAC98EFE}.Release|Any CPU.Build.0 = Release|Any CPU
		{700BDC1C-7F7E-49B4-8BA0-C353F80F2BFD}.Debug|Any CPU.ActiveCfg = Debug|Any CPU
		{700BDC1C-7F7E-49B4-8BA0-C353F80F2BFD}.Debug|Any CPU.Build.0 = Debug|Any CPU
		{700BDC1C-7F7E-49B4-8BA0-C353F80F2BFD}.Release|Any CPU.ActiveCfg = Release|Any CPU
		{700BDC1C-7F7E-49B4-8BA0-C353F80F2BFD}.Release|Any CPU.Build.0 = Release|Any CPU
	EndGlobalSection
	GlobalSection(NestedProjects) = preSolution
		{938FE15F-869E-4F71-B594-3EDA64C8FA74} = {2B12AFDA-6C6C-4A60-BBEE-EA9FDA0BD664}
		{FE690E15-0DBE-41F9-A1BA-606B7A57DCEA} = {2B12AFDA-6C6C-4A60-BBEE-EA9FDA0BD664}
		{2E4B5D96-671E-47AC-AC6C-7CE75DD974A3} = {FE690E15-0DBE-41F9-A1BA-606B7A57DCEA}
		{9CDA50AF-757D-4F85-9ADD-3640509EB976} = {2B12AFDA-6C6C-4A60-BBEE-EA9FDA0BD664}
		{1EC3F3B7-AAB4-4E81-AB28-8926B74EFBFB} = {FE690E15-0DBE-41F9-A1BA-606B7A57DCEA}
		{450106FD-82CE-441D-93AD-10B7F1641A1A} = {2B12AFDA-6C6C-4A60-BBEE-EA9FDA0BD664}
		{56B52A7F-2834-4F11-892A-D9BE386C0833} = {450106FD-82CE-441D-93AD-10B7F1641A1A}
		{D501A620-C909-4367-9656-00D212EC1018} = {2B12AFDA-6C6C-4A60-BBEE-EA9FDA0BD664}
		{91E78F5A-C226-4982-A178-6816956D8D54} = {D501A620-C909-4367-9656-00D212EC1018}
		{EAA9983F-DCC1-4DC5-9ACE-9C661B99C561} = {450106FD-82CE-441D-93AD-10B7F1641A1A}
		{EB499850-7AF5-462D-B2A4-6F53911968BB} = {450106FD-82CE-441D-93AD-10B7F1641A1A}
		{8BB0471F-A18C-4AA4-8A96-FBD3919C810D} = {7E06C814-09F4-4431-AF9D-78F2E12FF0AC}
		{775A3E00-7FD5-414D-B0F1-BEA6801C6836} = {7E06C814-09F4-4431-AF9D-78F2E12FF0AC}
		{F3391141-A63C-412A-B77F-0B7E672E8FBE} = {B10BC302-9002-42FF-9612-A770D6E10B76}
		{1EB77B10-39D1-4D60-A339-B1116DCF3824} = {896896AD-0860-42EA-AC98-A4F5FAB926A4}
		{339759CE-CF68-4B3C-A53D-D65CB0399CDF} = {896896AD-0860-42EA-AC98-A4F5FAB926A4}
		{265F95D9-AAD8-4628-B9C1-D272CC1F0AD8} = {13527A0B-10E6-4E65-B27A-4EB546AC4028}
		{D7B2D239-77F1-42DA-99BD-3D258F312F7E} = {B10BC302-9002-42FF-9612-A770D6E10B76}
		{816F1FA6-55F2-4033-9006-D36E37CDC554} = {7E06C814-09F4-4431-AF9D-78F2E12FF0AC}
		{77EBEC30-3B48-4145-8529-C324DF326D4A} = {7E06C814-09F4-4431-AF9D-78F2E12FF0AC}
		{07825A8A-55F3-42CF-8830-B0644E1E1E74} = {77EBEC30-3B48-4145-8529-C324DF326D4A}
		{0E7ED6C3-58DD-4E27-8237-0ABD91C45828} = {DC9028E5-75D2-445D-8D39-75011BFC4E10}
		{28369BDF-507A-4997-B902-11300036044E} = {7E06C814-09F4-4431-AF9D-78F2E12FF0AC}
		{0C920E22-63AC-4D7F-AC34-FBC461CF729C} = {D501A620-C909-4367-9656-00D212EC1018}
		{C38CC763-14E8-43EA-8D06-D7F9A2DE9FBD} = {9B4F8CB3-29F8-40AC-AA0A-DD4B273EFF6C}
		{E079A371-2133-4F57-9CA1-9AB02CD3590F} = {C38CC763-14E8-43EA-8D06-D7F9A2DE9FBD}
		{681CA443-1B91-4EA9-8A97-F21D0B5DD2CD} = {896896AD-0860-42EA-AC98-A4F5FAB926A4}
		{D8A05500-9F16-4540-B0EE-13ECB3C0DD3A} = {681CA443-1B91-4EA9-8A97-F21D0B5DD2CD}
		{44930AA4-4EFD-41F5-9E88-A543E67DE893} = {681CA443-1B91-4EA9-8A97-F21D0B5DD2CD}
		{22E44FD4-7447-4723-9CA1-0CE64DC64D33} = {681CA443-1B91-4EA9-8A97-F21D0B5DD2CD}
		{75F8E701-CEB2-42E0-9C3A-8CB371D2AD81} = {681CA443-1B91-4EA9-8A97-F21D0B5DD2CD}
		{8E48189E-CF6F-4BBC-B1DD-7E82BBA732C6} = {B10BC302-9002-42FF-9612-A770D6E10B76}
		{15A43B29-C880-475F-B53E-FD4331A292AA} = {450106FD-82CE-441D-93AD-10B7F1641A1A}
		{EDCF6634-CC94-4986-8824-1DE83E02E217} = {15A43B29-C880-475F-B53E-FD4331A292AA}
		{E30295A8-FD99-42A7-B7EC-21FE75F5477C} = {15A43B29-C880-475F-B53E-FD4331A292AA}
		{528D414B-68A8-437D-BE2E-C1CB9CC22E4F} = {15A43B29-C880-475F-B53E-FD4331A292AA}
		{B478E50D-8357-4B63-9367-B940E47EC993} = {450106FD-82CE-441D-93AD-10B7F1641A1A}
		{E2668547-B17F-4182-AF4F-60AF5135163D} = {B478E50D-8357-4B63-9367-B940E47EC993}
		{1E060361-C372-4687-A5DE-586B9CF0603B} = {B478E50D-8357-4B63-9367-B940E47EC993}
		{5C2F9A52-1D52-43AD-837F-F513A2A8CD56} = {450106FD-82CE-441D-93AD-10B7F1641A1A}
		{A429A347-369D-4AC4-8E3D-8A30791779CB} = {450106FD-82CE-441D-93AD-10B7F1641A1A}
		{AB592D93-1EBC-4462-A2EF-58ECACAE632D} = {450106FD-82CE-441D-93AD-10B7F1641A1A}
		{29FDC14B-D5FC-474E-8F4A-15F1FAC98EFE} = {15A43B29-C880-475F-B53E-FD4331A292AA}
		{700BDC1C-7F7E-49B4-8BA0-C353F80F2BFD} = {896896AD-0860-42EA-AC98-A4F5FAB926A4}
	EndGlobalSection
EndGlobal
